
Microsoft Visual Studio Solution File, Format Version 12.00
# Visual Studio Version 17
VisualStudioVersion = 17.2.32516.85
MinimumVisualStudioVersion = 10.0.40219.1
Project("{FAE04EC0-301F-11D3-BF4B-00C04F79EFBC}") = "Streamish", "Streamish\Streamish.csproj", "{D75AB9B2-5782-454F-87C5-F5B898E72C44}"
EndProject
Global
	GlobalSection(SolutionConfigurationPlatforms) = preSolution
		Debug|Any CPU = Debug|Any CPU
		Release|Any CPU = Release|Any CPU
	EndGlobalSection
	GlobalSection(ProjectConfigurationPlatforms) = postSolution
		{D75AB9B2-5782-454F-87C5-F5B898E72C44}.Debug|Any CPU.ActiveCfg = Debug|Any CPU
		{D75AB9B2-5782-454F-87C5-F5B898E72C44}.Debug|Any CPU.Build.0 = Debug|Any CPU
		{D75AB9B2-5782-454F-87C5-F5B898E72C44}.Release|Any CPU.ActiveCfg = Release|Any CPU
		{D75AB9B2-5782-454F-87C5-F5B898E72C44}.Release|Any CPU.Build.0 = Release|Any CPU
	EndGlobalSection
	GlobalSection(SolutionProperties) = preSolution
		HideSolutionNode = FALSE
	EndGlobalSection
	GlobalSection(ExtensibilityGlobals) = postSolution
		SolutionGuid = {AC1F0E81-9A87-4436-ADC1-6158D26FDCC8}
	EndGlobalSection
EndGlobal
